<?xml version="1.0" encoding="utf-8"?>
<Project ToolsVersion="4.0" xmlns="http://schemas.microsoft.com/developer/msbuild/2003">
  <ItemGroup>
    <MASM Include="main.asm" />
    <MASM Include="Irvine64.asm" />
    <MASM Include="Disasm64.asm" />
    <MASM Include="test_make_file.asm" />
  </ItemGroup>
  <ItemGroup>
    <None Include="SmallWin.inc" />
    <None Include="Win64.inc" />
  </ItemGroup>
</Project>